
Microsoft Visual Studio Solution File, Format Version 12.00
# Visual Studio Version 17
VisualStudioVersion = 17.6.33815.320
MinimumVisualStudioVersion = 10.0.40219.1
Project("{FAE04EC0-301F-11D3-BF4B-00C04F79EFBC}") = "Backend.CodersHub", "Backend.CodersHub\Backend.CodersHub.csproj", "{9DCE7261-CD06-4A71-8CB2-5B1049FC9905}"
EndProject
Project("{FAE04EC0-301F-11D3-BF4B-00C04F79EFBC}") = "CodersHub.Api", "CodersHub.Api\CodersHub.Api.csproj", "{7BBB8AF8-F35C-4021-AB55-972DE2DD24EA}"
EndProject
Global
	GlobalSection(SolutionConfigurationPlatforms) = preSolution
		Debug|Any CPU = Debug|Any CPU
		Release|Any CPU = Release|Any CPU
	EndGlobalSection
	GlobalSection(ProjectConfigurationPlatforms) = postSolution
		{9DCE7261-CD06-4A71-8CB2-5B1049FC9905}.Debug|Any CPU.ActiveCfg = Debug|Any CPU
		{9DCE7261-CD06-4A71-8CB2-5B1049FC9905}.Debug|Any CPU.Build.0 = Debug|Any CPU
		{9DCE7261-CD06-4A71-8CB2-5B1049FC9905}.Release|Any CPU.ActiveCfg = Release|Any CPU
		{9DCE7261-CD06-4A71-8CB2-5B1049FC9905}.Release|Any CPU.Build.0 = Release|Any CPU
		{7BBB8AF8-F35C-4021-AB55-972DE2DD24EA}.Debug|Any CPU.ActiveCfg = Debug|Any CPU
		{7BBB8AF8-F35C-4021-AB55-972DE2DD24EA}.Debug|Any CPU.Build.0 = Debug|Any CPU
		{7BBB8AF8-F35C-4021-AB55-972DE2DD24EA}.Release|Any CPU.ActiveCfg = Release|Any CPU
		{7BBB8AF8-F35C-4021-AB55-972DE2DD24EA}.Release|Any CPU.Build.0 = Release|Any CPU
	EndGlobalSection
	GlobalSection(SolutionProperties) = preSolution
		HideSolutionNode = FALSE
	EndGlobalSection
	GlobalSection(ExtensibilityGlobals) = postSolution
		SolutionGuid = {B0D73561-72B5-47A1-912D-2134312AA089}
	EndGlobalSection
EndGlobal
